
Microsoft Visual Studio Solution File, Format Version 12.00
# Visual Studio Version 17
VisualStudioVersion = 17.5.002.0
MinimumVisualStudioVersion = 10.0.40219.1
Project("{9A19103F-16F7-4668-BE54-9A1E7A4F7556}") = "SistemaEnsino", "SistemaEnsino.csproj", "{3785B848-BE43-4598-8084-E05DBF2ACC70}"
EndProject
Project("{FAE04EC0-301F-11D3-BF4B-00C04F79EFBC}") = "SistemaEnsino.Tests", "..\SistemaEnsino.Tests\SistemaEnsino.Tests.csproj", "{C80D21B9-1612-455B-8C9B-C97AADC99FFF}"
EndProject
Global
	GlobalSection(SolutionConfigurationPlatforms) = preSolution
		Debug|Any CPU = Debug|Any CPU
		Release|Any CPU = Release|Any CPU
	EndGlobalSection
	GlobalSection(ProjectConfigurationPlatforms) = postSolution
		{3785B848-BE43-4598-8084-E05DBF2ACC70}.Debug|Any CPU.ActiveCfg = Debug|Any CPU
		{3785B848-BE43-4598-8084-E05DBF2ACC70}.Debug|Any CPU.Build.0 = Debug|Any CPU
		{3785B848-BE43-4598-8084-E05DBF2ACC70}.Release|Any CPU.ActiveCfg = Release|Any CPU
		{3785B848-BE43-4598-8084-E05DBF2ACC70}.Release|Any CPU.Build.0 = Release|Any CPU
		{C80D21B9-1612-455B-8C9B-C97AADC99FFF}.Debug|Any CPU.ActiveCfg = Debug|Any CPU
		{C80D21B9-1612-455B-8C9B-C97AADC99FFF}.Debug|Any CPU.Build.0 = Debug|Any CPU
		{C80D21B9-1612-455B-8C9B-C97AADC99FFF}.Release|Any CPU.ActiveCfg = Release|Any CPU
		{C80D21B9-1612-455B-8C9B-C97AADC99FFF}.Release|Any CPU.Build.0 = Release|Any CPU
	EndGlobalSection
	GlobalSection(SolutionProperties) = preSolution
		HideSolutionNode = FALSE
	EndGlobalSection
	GlobalSection(ExtensibilityGlobals) = postSolution
		SolutionGuid = {D96B34B7-3808-4C3A-8CB1-2E8B081873F7}
	EndGlobalSection
EndGlobal
